// !$*UTF8*$!
{
	archiveVersion = 1;
	classes = {
	};
	objectVersion = 48;
	objects = {

/* Begin PBXBuildFile section */
		50B910EE20665F1200601821 /* HelpViewController.swift in Sources */ = {isa = PBXBuildFile; fileRef = 50B910ED20665F1200601821 /* HelpViewController.swift */; };
		50F3706F2066030E009C48FE /* AppDelegate.swift in Sources */ = {isa = PBXBuildFile; fileRef = 50F3706E2066030E009C48FE /* AppDelegate.swift */; };
		50F370712066030E009C48FE /* ViewController.swift in Sources */ = {isa = PBXBuildFile; fileRef = 50F370702066030E009C48FE /* ViewController.swift */; };
		50F370742066030E009C48FE /* Main.storyboard in Resources */ = {isa = PBXBuildFile; fileRef = 50F370722066030E009C48FE /* Main.storyboard */; };
		50F370762066030E009C48FE /* Assets.xcassets in Resources */ = {isa = PBXBuildFile; fileRef = 50F370752066030E009C48FE /* Assets.xcassets */; };
		50F370792066030F009C48FE /* LaunchScreen.storyboard in Resources */ = {isa = PBXBuildFile; fileRef = 50F370772066030F009C48FE /* LaunchScreen.storyboard */; };
		50F370842066030F009C48FE /* MongolianIPAKeyboardContainerTests.swift in Sources */ = {isa = PBXBuildFile; fileRef = 50F370832066030F009C48FE /* MongolianIPAKeyboardContainerTests.swift */; };
		50F3708F2066030F009C48FE /* MongolianIPAKeyboardContainerUITests.swift in Sources */ = {isa = PBXBuildFile; fileRef = 50F3708E2066030F009C48FE /* MongolianIPAKeyboardContainerUITests.swift */; };
		50F370A3206603D0009C48FE /* KeyboardViewController.swift in Sources */ = {isa = PBXBuildFile; fileRef = 50F370A2206603D0009C48FE /* KeyboardViewController.swift */; };
		50F370A7206603D0009C48FE /* Mongolian IPA.appex in Embed App Extensions */ = {isa = PBXBuildFile; fileRef = 50F370A0206603D0009C48FE /* Mongolian IPA.appex */; settings = {ATTRIBUTES = (RemoveHeadersOnCopy, ); }; };
		50F370AD2066116F009C48FE /* IpaKeyboard.swift in Sources */ = {isa = PBXBuildFile; fileRef = 50F370AC2066116F009C48FE /* IpaKeyboard.swift */; };
		50F370AF2066122C009C48FE /* KeyboardKey.swift in Sources */ = {isa = PBXBuildFile; fileRef = 50F370AE2066122C009C48FE /* KeyboardKey.swift */; };
		50F370B12066127D009C48FE /* KeyboardTextKey.swift in Sources */ = {isa = PBXBuildFile; fileRef = 50F370B02066127D009C48FE /* KeyboardTextKey.swift */; };
		50F370B3206612DA009C48FE /* Ipa.swift in Sources */ = {isa = PBXBuildFile; fileRef = 50F370B2206612DA009C48FE /* Ipa.swift */; };
/* End PBXBuildFile section */

/* Begin PBXContainerItemProxy section */
		50F370802066030F009C48FE /* PBXContainerItemProxy */ = {
			isa = PBXContainerItemProxy;
			containerPortal = 50F370632066030D009C48FE /* Project object */;
			proxyType = 1;
			remoteGlobalIDString = 50F3706A2066030E009C48FE;
			remoteInfo = MongolianIPAKeyboardContainer;
		};
		50F3708B2066030F009C48FE /* PBXContainerItemProxy */ = {
			isa = PBXContainerItemProxy;
			containerPortal = 50F370632066030D009C48FE /* Project object */;
			proxyType = 1;
			remoteGlobalIDString = 50F3706A2066030E009C48FE;
			remoteInfo = MongolianIPAKeyboardContainer;
		};
		50F370A5206603D0009C48FE /* PBXContainerItemProxy */ = {
			isa = PBXContainerItemProxy;
			containerPortal = 50F370632066030D009C48FE /* Project object */;
			proxyType = 1;
			remoteGlobalIDString = 50F3709F206603D0009C48FE;
			remoteInfo = "Mongolian IPA";
		};
/* End PBXContainerItemProxy section */

/* Begin PBXCopyFilesBuildPhase section */
		50F370AB206603D0009C48FE /* Embed App Extensions */ = {
			isa = PBXCopyFilesBuildPhase;
			buildActionMask = 2147483647;
			dstPath = "";
			dstSubfolderSpec = 13;
			files = (
				50F370A7206603D0009C48FE /* Mongolian IPA.appex in Embed App Extensions */,
			);
			name = "Embed App Extensions";
			runOnlyForDeploymentPostprocessing = 0;
		};
/* End PBXCopyFilesBuildPhase section */

/* Begin PBXFileReference section */
		50B910ED20665F1200601821 /* HelpViewController.swift */ = {isa = PBXFileReference; lastKnownFileType = sourcecode.swift; path = HelpViewController.swift; sourceTree = "<group>"; };
		50F3706B2066030E009C48FE /* MongolianIPAKeyboardContainer.app */ = {isa = PBXFileReference; explicitFileType = wrapper.application; includeInIndex = 0; path = MongolianIPAKeyboardContainer.app; sourceTree = BUILT_PRODUCTS_DIR; };
		50F3706E2066030E009C48FE /* AppDelegate.swift */ = {isa = PBXFileReference; lastKnownFileType = sourcecode.swift; path = AppDelegate.swift; sourceTree = "<group>"; };
		50F370702066030E009C48FE /* ViewController.swift */ = {isa = PBXFileReference; lastKnownFileType = sourcecode.swift; path = ViewController.swift; sourceTree = "<group>"; };
		50F370732066030E009C48FE /* Base */ = {isa = PBXFileReference; lastKnownFileType = file.storyboard; name = Base; path = Base.lproj/Main.storyboard; sourceTree = "<group>"; };
		50F370752066030E009C48FE /* Assets.xcassets */ = {isa = PBXFileReference; lastKnownFileType = folder.assetcatalog; path = Assets.xcassets; sourceTree = "<group>"; };
		50F370782066030F009C48FE /* Base */ = {isa = PBXFileReference; lastKnownFileType = file.storyboard; name = Base; path = Base.lproj/LaunchScreen.storyboard; sourceTree = "<group>"; };
		50F3707A2066030F009C48FE /* Info.plist */ = {isa = PBXFileReference; lastKnownFileType = text.plist.xml; path = Info.plist; sourceTree = "<group>"; };
		50F3707F2066030F009C48FE /* MongolianIPAKeyboardContainerTests.xctest */ = {isa = PBXFileReference; explicitFileType = wrapper.cfbundle; includeInIndex = 0; path = MongolianIPAKeyboardContainerTests.xctest; sourceTree = BUILT_PRODUCTS_DIR; };
		50F370832066030F009C48FE /* MongolianIPAKeyboardContainerTests.swift */ = {isa = PBXFileReference; lastKnownFileType = sourcecode.swift; path = MongolianIPAKeyboardContainerTests.swift; sourceTree = "<group>"; };
		50F370852066030F009C48FE /* Info.plist */ = {isa = PBXFileReference; lastKnownFileType = text.plist.xml; path = Info.plist; sourceTree = "<group>"; };
		50F3708A2066030F009C48FE /* MongolianIPAKeyboardContainerUITests.xctest */ = {isa = PBXFileReference; explicitFileType = wrapper.cfbundle; includeInIndex = 0; path = MongolianIPAKeyboardContainerUITests.xctest; sourceTree = BUILT_PRODUCTS_DIR; };
		50F3708E2066030F009C48FE /* MongolianIPAKeyboardContainerUITests.swift */ = {isa = PBXFileReference; lastKnownFileType = sourcecode.swift; path = MongolianIPAKeyboardContainerUITests.swift; sourceTree = "<group>"; };
		50F370902066030F009C48FE /* Info.plist */ = {isa = PBXFileReference; lastKnownFileType = text.plist.xml; path = Info.plist; sourceTree = "<group>"; };
		50F370A0206603D0009C48FE /* Mongolian IPA.appex */ = {isa = PBXFileReference; explicitFileType = "wrapper.app-extension"; includeInIndex = 0; path = "Mongolian IPA.appex"; sourceTree = BUILT_PRODUCTS_DIR; };
		50F370A2206603D0009C48FE /* KeyboardViewController.swift */ = {isa = PBXFileReference; lastKnownFileType = sourcecode.swift; path = KeyboardViewController.swift; sourceTree = "<group>"; };
		50F370A4206603D0009C48FE /* Info.plist */ = {isa = PBXFileReference; lastKnownFileType = text.plist.xml; path = Info.plist; sourceTree = "<group>"; };
		50F370AC2066116F009C48FE /* IpaKeyboard.swift */ = {isa = PBXFileReference; lastKnownFileType = sourcecode.swift; path = IpaKeyboard.swift; sourceTree = "<group>"; };
		50F370AE2066122C009C48FE /* KeyboardKey.swift */ = {isa = PBXFileReference; lastKnownFileType = sourcecode.swift; path = KeyboardKey.swift; sourceTree = "<group>"; };
		50F370B02066127D009C48FE /* KeyboardTextKey.swift */ = {isa = PBXFileReference; lastKnownFileType = sourcecode.swift; path = KeyboardTextKey.swift; sourceTree = "<group>"; };
		50F370B2206612DA009C48FE /* Ipa.swift */ = {isa = PBXFileReference; lastKnownFileType = sourcecode.swift; path = Ipa.swift; sourceTree = "<group>"; };
/* End PBXFileReference section */

/* Begin PBXFrameworksBuildPhase section */
		50F370682066030E009C48FE /* Frameworks */ = {
			isa = PBXFrameworksBuildPhase;
			buildActionMask = 2147483647;
			files = (
			);
			runOnlyForDeploymentPostprocessing = 0;
		};
		50F3707C2066030F009C48FE /* Frameworks */ = {
			isa = PBXFrameworksBuildPhase;
			buildActionMask = 2147483647;
			files = (
			);
			runOnlyForDeploymentPostprocessing = 0;
		};
		50F370872066030F009C48FE /* Frameworks */ = {
			isa = PBXFrameworksBuildPhase;
			buildActionMask = 2147483647;
			files = (
			);
			runOnlyForDeploymentPostprocessing = 0;
		};
		50F3709D206603D0009C48FE /* Frameworks */ = {
			isa = PBXFrameworksBuildPhase;
			buildActionMask = 2147483647;
			files = (
			);
			runOnlyForDeploymentPostprocessing = 0;
		};
/* End PBXFrameworksBuildPhase section */

/* Begin PBXGroup section */
		50F370622066030D009C48FE = {
			isa = PBXGroup;
			children = (
				50F3706D2066030E009C48FE /* MongolianIPAKeyboardContainer */,
				50F370822066030F009C48FE /* MongolianIPAKeyboardContainerTests */,
				50F3708D2066030F009C48FE /* MongolianIPAKeyboardContainerUITests */,
				50F370A1206603D0009C48FE /* Mongolian IPA */,
				50F3706C2066030E009C48FE /* Products */,
			);
			sourceTree = "<group>";
		};
		50F3706C2066030E009C48FE /* Products */ = {
			isa = PBXGroup;
			children = (
				50F3706B2066030E009C48FE /* MongolianIPAKeyboardContainer.app */,
				50F3707F2066030F009C48FE /* MongolianIPAKeyboardContainerTests.xctest */,
				50F3708A2066030F009C48FE /* MongolianIPAKeyboardContainerUITests.xctest */,
				50F370A0206603D0009C48FE /* Mongolian IPA.appex */,
			);
			name = Products;
			sourceTree = "<group>";
		};
		50F3706D2066030E009C48FE /* MongolianIPAKeyboardContainer */ = {
			isa = PBXGroup;
			children = (
				50F3706E2066030E009C48FE /* AppDelegate.swift */,
				50F370702066030E009C48FE /* ViewController.swift */,
				50B910ED20665F1200601821 /* HelpViewController.swift */,
				50F370722066030E009C48FE /* Main.storyboard */,
				50F370752066030E009C48FE /* Assets.xcassets */,
				50F370772066030F009C48FE /* LaunchScreen.storyboard */,
				50F3707A2066030F009C48FE /* Info.plist */,
			);
			path = MongolianIPAKeyboardContainer;
			sourceTree = "<group>";
		};
		50F370822066030F009C48FE /* MongolianIPAKeyboardContainerTests */ = {
			isa = PBXGroup;
			children = (
				50F370832066030F009C48FE /* MongolianIPAKeyboardContainerTests.swift */,
				50F370852066030F009C48FE /* Info.plist */,
			);
			path = MongolianIPAKeyboardContainerTests;
			sourceTree = "<group>";
		};
		50F3708D2066030F009C48FE /* MongolianIPAKeyboardContainerUITests */ = {
			isa = PBXGroup;
			children = (
				50F3708E2066030F009C48FE /* MongolianIPAKeyboardContainerUITests.swift */,
				50F370902066030F009C48FE /* Info.plist */,
			);
			path = MongolianIPAKeyboardContainerUITests;
			sourceTree = "<group>";
		};
		50F370A1206603D0009C48FE /* Mongolian IPA */ = {
			isa = PBXGroup;
			children = (
				50F370A2206603D0009C48FE /* KeyboardViewController.swift */,
				50F370AC2066116F009C48FE /* IpaKeyboard.swift */,
				50F370B2206612DA009C48FE /* Ipa.swift */,
				50F370B02066127D009C48FE /* KeyboardTextKey.swift */,
				50F370AE2066122C009C48FE /* KeyboardKey.swift */,
				50F370A4206603D0009C48FE /* Info.plist */,
			);
			path = "Mongolian IPA";
			sourceTree = "<group>";
		};
/* End PBXGroup section */

/* Begin PBXNativeTarget section */
		50F3706A2066030E009C48FE /* MongolianIPAKeyboardContainer */ = {
			isa = PBXNativeTarget;
			buildConfigurationList = 50F370932066030F009C48FE /* Build configuration list for PBXNativeTarget "MongolianIPAKeyboardContainer" */;
			buildPhases = (
				50F370672066030E009C48FE /* Sources */,
				50F370682066030E009C48FE /* Frameworks */,
				50F370692066030E009C48FE /* Resources */,
				50F370AB206603D0009C48FE /* Embed App Extensions */,
			);
			buildRules = (
			);
			dependencies = (
				50F370A6206603D0009C48FE /* PBXTargetDependency */,
			);
			name = MongolianIPAKeyboardContainer;
			productName = MongolianIPAKeyboardContainer;
			productReference = 50F3706B2066030E009C48FE /* MongolianIPAKeyboardContainer.app */;
			productType = "com.apple.product-type.application";
		};
		50F3707E2066030F009C48FE /* MongolianIPAKeyboardContainerTests */ = {
			isa = PBXNativeTarget;
			buildConfigurationList = 50F370962066030F009C48FE /* Build configuration list for PBXNativeTarget "MongolianIPAKeyboardContainerTests" */;
			buildPhases = (
				50F3707B2066030F009C48FE /* Sources */,
				50F3707C2066030F009C48FE /* Frameworks */,
				50F3707D2066030F009C48FE /* Resources */,
			);
			buildRules = (
			);
			dependencies = (
				50F370812066030F009C48FE /* PBXTargetDependency */,
			);
			name = MongolianIPAKeyboardContainerTests;
			productName = MongolianIPAKeyboardContainerTests;
			productReference = 50F3707F2066030F009C48FE /* MongolianIPAKeyboardContainerTests.xctest */;
			productType = "com.apple.product-type.bundle.unit-test";
		};
		50F370892066030F009C48FE /* MongolianIPAKeyboardContainerUITests */ = {
			isa = PBXNativeTarget;
			buildConfigurationList = 50F370992066030F009C48FE /* Build configuration list for PBXNativeTarget "MongolianIPAKeyboardContainerUITests" */;
			buildPhases = (
				50F370862066030F009C48FE /* Sources */,
				50F370872066030F009C48FE /* Frameworks */,
				50F370882066030F009C48FE /* Resources */,
			);
			buildRules = (
			);
			dependencies = (
				50F3708C2066030F009C48FE /* PBXTargetDependency */,
			);
			name = MongolianIPAKeyboardContainerUITests;
			productName = MongolianIPAKeyboardContainerUITests;
			productReference = 50F3708A2066030F009C48FE /* MongolianIPAKeyboardContainerUITests.xctest */;
			productType = "com.apple.product-type.bundle.ui-testing";
		};
		50F3709F206603D0009C48FE /* Mongolian IPA */ = {
			isa = PBXNativeTarget;
			buildConfigurationList = 50F370A8206603D0009C48FE /* Build configuration list for PBXNativeTarget "Mongolian IPA" */;
			buildPhases = (
				50F3709C206603D0009C48FE /* Sources */,
				50F3709D206603D0009C48FE /* Frameworks */,
				50F3709E206603D0009C48FE /* Resources */,
			);
			buildRules = (
			);
			dependencies = (
			);
			name = "Mongolian IPA";
			productName = "Mongolian IPA";
			productReference = 50F370A0206603D0009C48FE /* Mongolian IPA.appex */;
			productType = "com.apple.product-type.app-extension";
		};
/* End PBXNativeTarget section */

/* Begin PBXProject section */
		50F370632066030D009C48FE /* Project object */ = {
			isa = PBXProject;
			attributes = {
				LastSwiftUpdateCheck = 0920;
				LastUpgradeCheck = 0920;
				ORGANIZATIONNAME = MongolSuragch;
				TargetAttributes = {
					50F3706A2066030E009C48FE = {
						CreatedOnToolsVersion = 9.2;
						ProvisioningStyle = Automatic;
					};
					50F3707E2066030F009C48FE = {
						CreatedOnToolsVersion = 9.2;
						ProvisioningStyle = Automatic;
						TestTargetID = 50F3706A2066030E009C48FE;
					};
					50F370892066030F009C48FE = {
						CreatedOnToolsVersion = 9.2;
						ProvisioningStyle = Automatic;
						TestTargetID = 50F3706A2066030E009C48FE;
					};
					50F3709F206603D0009C48FE = {
						CreatedOnToolsVersion = 9.2;
						ProvisioningStyle = Automatic;
					};
				};
			};
			buildConfigurationList = 50F370662066030D009C48FE /* Build configuration list for PBXProject "MongolianIPAKeyboardContainer" */;
			compatibilityVersion = "Xcode 8.0";
			developmentRegion = en;
			hasScannedForEncodings = 0;
			knownRegions = (
				en,
				Base,
			);
			mainGroup = 50F370622066030D009C48FE;
			productRefGroup = 50F3706C2066030E009C48FE /* Products */;
			projectDirPath = "";
			projectRoot = "";
			targets = (
				50F3706A2066030E009C48FE /* MongolianIPAKeyboardContainer */,
				50F3707E2066030F009C48FE /* MongolianIPAKeyboardContainerTests */,
				50F370892066030F009C48FE /* MongolianIPAKeyboardContainerUITests */,
				50F3709F206603D0009C48FE /* Mongolian IPA */,
			);
		};
/* End PBXProject section */

/* Begin PBXResourcesBuildPhase section */
		50F370692066030E009C48FE /* Resources */ = {
			isa = PBXResourcesBuildPhase;
			buildActionMask = 2147483647;
			files = (
				50F370792066030F009C48FE /* LaunchScreen.storyboard in Resources */,
				50F370762066030E009C48FE /* Assets.xcassets in Resources */,
				50F370742066030E009C48FE /* Main.storyboard in Resources */,
			);
			runOnlyForDeploymentPostprocessing = 0;
		};
		50F3707D2066030F009C48FE /* Resources */ = {
			isa = PBXResourcesBuildPhase;
			buildActionMask = 2147483647;
			files = (
			);
			runOnlyForDeploymentPostprocessing = 0;
		};
		50F370882066030F009C48FE /* Resources */ = {
			isa = PBXResourcesBuildPhase;
			buildActionMask = 2147483647;
			files = (
			);
			runOnlyForDeploymentPostprocessing = 0;
		};
		50F3709E206603D0009C48FE /* Resources */ = {
			isa = PBXResourcesBuildPhase;
			buildActionMask = 2147483647;
			files = (
			);
			runOnlyForDeploymentPostprocessing = 0;
		};
/* End PBXResourcesBuildPhase section */

/* Begin PBXSourcesBuildPhase section */
		50F370672066030E009C48FE /* Sources */ = {
			isa = PBXSourcesBuildPhase;
			buildActionMask = 2147483647;
			files = (
				50F370712066030E009C48FE /* ViewController.swift in Sources */,
				50B910EE20665F1200601821 /* HelpViewController.swift in Sources */,
				50F3706F2066030E009C48FE /* AppDelegate.swift in Sources */,
			);
			runOnlyForDeploymentPostprocessing = 0;
		};
		50F3707B2066030F009C48FE /* Sources */ = {
			isa = PBXSourcesBuildPhase;
			buildActionMask = 2147483647;
			files = (
				50F370842066030F009C48FE /* MongolianIPAKeyboardContainerTests.swift in Sources */,
			);
			runOnlyForDeploymentPostprocessing = 0;
		};
		50F370862066030F009C48FE /* Sources */ = {
			isa = PBXSourcesBuildPhase;
			buildActionMask = 2147483647;
			files = (
				50F3708F2066030F009C48FE /* MongolianIPAKeyboardContainerUITests.swift in Sources */,
			);
			runOnlyForDeploymentPostprocessing = 0;
		};
		50F3709C206603D0009C48FE /* Sources */ = {
			isa = PBXSourcesBuildPhase;
			buildActionMask = 2147483647;
			files = (
				50F370A3206603D0009C48FE /* KeyboardViewController.swift in Sources */,
				50F370AF2066122C009C48FE /* KeyboardKey.swift in Sources */,
				50F370B3206612DA009C48FE /* Ipa.swift in Sources */,
				50F370AD2066116F009C48FE /* IpaKeyboard.swift in Sources */,
				50F370B12066127D009C48FE /* KeyboardTextKey.swift in Sources */,
			);
			runOnlyForDeploymentPostprocessing = 0;
		};
/* End PBXSourcesBuildPhase section */

/* Begin PBXTargetDependency section */
		50F370812066030F009C48FE /* PBXTargetDependency */ = {
			isa = PBXTargetDependency;
			target = 50F3706A2066030E009C48FE /* MongolianIPAKeyboardContainer */;
			targetProxy = 50F370802066030F009C48FE /* PBXContainerItemProxy */;
		};
		50F3708C2066030F009C48FE /* PBXTargetDependency */ = {
			isa = PBXTargetDependency;
			target = 50F3706A2066030E009C48FE /* MongolianIPAKeyboardContainer */;
			targetProxy = 50F3708B2066030F009C48FE /* PBXContainerItemProxy */;
		};
		50F370A6206603D0009C48FE /* PBXTargetDependency */ = {
			isa = PBXTargetDependency;
			target = 50F3709F206603D0009C48FE /* Mongolian IPA */;
			targetProxy = 50F370A5206603D0009C48FE /* PBXContainerItemProxy */;
		};
/* End PBXTargetDependency section */

/* Begin PBXVariantGroup section */
		50F370722066030E009C48FE /* Main.storyboard */ = {
			isa = PBXVariantGroup;
			children = (
				50F370732066030E009C48FE /* Base */,
			);
			name = Main.storyboard;
			sourceTree = "<group>";
		};
		50F370772066030F009C48FE /* LaunchScreen.storyboard */ = {
			isa = PBXVariantGroup;
			children = (
				50F370782066030F009C48FE /* Base */,
			);
			name = LaunchScreen.storyboard;
			sourceTree = "<group>";
		};
/* End PBXVariantGroup section */

/* Begin XCBuildConfiguration section */
		50F370912066030F009C48FE /* Debug */ = {
			isa = XCBuildConfiguration;
			buildSettings = {
				ALWAYS_SEARCH_USER_PATHS = NO;
				CLANG_ANALYZER_NONNULL = YES;
				CLANG_ANALYZER_NUMBER_OBJECT_CONVERSION = YES_AGGRESSIVE;
				CLANG_CXX_LANGUAGE_STANDARD = "gnu++14";
				CLANG_CXX_LIBRARY = "libc++";
				CLANG_ENABLE_MODULES = YES;
				CLANG_ENABLE_OBJC_ARC = YES;
				CLANG_WARN_BLOCK_CAPTURE_AUTORELEASING = YES;
				CLANG_WARN_BOOL_CONVERSION = YES;
				CLANG_WARN_COMMA = YES;
				CLANG_WARN_CONSTANT_CONVERSION = YES;
				CLANG_WARN_DIRECT_OBJC_ISA_USAGE = YES_ERROR;
				CLANG_WARN_DOCUMENTATION_COMMENTS = YES;
				CLANG_WARN_EMPTY_BODY = YES;
				CLANG_WARN_ENUM_CONVERSION = YES;
				CLANG_WARN_INFINITE_RECURSION = YES;
				CLANG_WARN_INT_CONVERSION = YES;
				CLANG_WARN_NON_LITERAL_NULL_CONVERSION = YES;
				CLANG_WARN_OBJC_LITERAL_CONVERSION = YES;
				CLANG_WARN_OBJC_ROOT_CLASS = YES_ERROR;
				CLANG_WARN_RANGE_LOOP_ANALYSIS = YES;
				CLANG_WARN_STRICT_PROTOTYPES = YES;
				CLANG_WARN_SUSPICIOUS_MOVE = YES;
				CLANG_WARN_UNGUARDED_AVAILABILITY = YES_AGGRESSIVE;
				CLANG_WARN_UNREACHABLE_CODE = YES;
				CLANG_WARN__DUPLICATE_METHOD_MATCH = YES;
				CODE_SIGN_IDENTITY = "iPhone Developer";
				COPY_PHASE_STRIP = NO;
				DEBUG_INFORMATION_FORMAT = dwarf;
				ENABLE_STRICT_OBJC_MSGSEND = YES;
				ENABLE_TESTABILITY = YES;
				GCC_C_LANGUAGE_STANDARD = gnu11;
				GCC_DYNAMIC_NO_PIC = NO;
				GCC_NO_COMMON_BLOCKS = YES;
				GCC_OPTIMIZATION_LEVEL = 0;
				GCC_PREPROCESSOR_DEFINITIONS = (
					"DEBUG=1",
					"$(inherited)",
				);
				GCC_WARN_64_TO_32_BIT_CONVERSION = YES;
				GCC_WARN_ABOUT_RETURN_TYPE = YES_ERROR;
				GCC_WARN_UNDECLARED_SELECTOR = YES;
				GCC_WARN_UNINITIALIZED_AUTOS = YES_AGGRESSIVE;
				GCC_WARN_UNUSED_FUNCTION = YES;
				GCC_WARN_UNUSED_VARIABLE = YES;
				IPHONEOS_DEPLOYMENT_TARGET = 9.0;
				MTL_ENABLE_DEBUG_INFO = YES;
				ONLY_ACTIVE_ARCH = YES;
				SDKROOT = iphoneos;
				SWIFT_ACTIVE_COMPILATION_CONDITIONS = DEBUG;
				SWIFT_OPTIMIZATION_LEVEL = "-Onone";
			};
			name = Debug;
		};
		50F370922066030F009C48FE /* Release */ = {
			isa = XCBuildConfiguration;
			buildSettings = {
				ALWAYS_SEARCH_USER_PATHS = NO;
				CLANG_ANALYZER_NONNULL = YES;
				CLANG_ANALYZER_NUMBER_OBJECT_CONVERSION = YES_AGGRESSIVE;
				CLANG_CXX_LANGUAGE_STANDARD = "gnu++14";
				CLANG_CXX_LIBRARY = "libc++";
				CLANG_ENABLE_MODULES = YES;
				CLANG_ENABLE_OBJC_ARC = YES;
				CLANG_WARN_BLOCK_CAPTURE_AUTORELEASING = YES;
				CLANG_WARN_BOOL_CONVERSION = YES;
				CLANG_WARN_COMMA = YES;
				CLANG_WARN_CONSTANT_CONVERSION = YES;
				CLANG_WARN_DIRECT_OBJC_ISA_USAGE = YES_ERROR;
				CLANG_WARN_DOCUMENTATION_COMMENTS = YES;
				CLANG_WARN_EMPTY_BODY = YES;
				CLANG_WARN_ENUM_CONVERSION = YES;
				CLANG_WARN_INFINITE_RECURSION = YES;
				CLANG_WARN_INT_CONVERSION = YES;
				CLANG_WARN_NON_LITERAL_NULL_CONVERSION = YES;
				CLANG_WARN_OBJC_LITERAL_CONVERSION = YES;
				CLANG_WARN_OBJC_ROOT_CLASS = YES_ERROR;
				CLANG_WARN_RANGE_LOOP_ANALYSIS = YES;
				CLANG_WARN_STRICT_PROTOTYPES = YES;
				CLANG_WARN_SUSPICIOUS_MOVE = YES;
				CLANG_WARN_UNGUARDED_AVAILABILITY = YES_AGGRESSIVE;
				CLANG_WARN_UNREACHABLE_CODE = YES;
				CLANG_WARN__DUPLICATE_METHOD_MATCH = YES;
				CODE_SIGN_IDENTITY = "iPhone Developer";
				COPY_PHASE_STRIP = NO;
				DEBUG_INFORMATION_FORMAT = "dwarf-with-dsym";
				ENABLE_NS_ASSERTIONS = NO;
				ENABLE_STRICT_OBJC_MSGSEND = YES;
				GCC_C_LANGUAGE_STANDARD = gnu11;
				GCC_NO_COMMON_BLOCKS = YES;
				GCC_WARN_64_TO_32_BIT_CONVERSION = YES;
				GCC_WARN_ABOUT_RETURN_TYPE = YES_ERROR;
				GCC_WARN_UNDECLARED_SELECTOR = YES;
				GCC_WARN_UNINITIALIZED_AUTOS = YES_AGGRESSIVE;
				GCC_WARN_UNUSED_FUNCTION = YES;
				GCC_WARN_UNUSED_VARIABLE = YES;
				IPHONEOS_DEPLOYMENT_TARGET = 9.0;
				MTL_ENABLE_DEBUG_INFO = NO;
				SDKROOT = iphoneos;
				SWIFT_OPTIMIZATION_LEVEL = "-Owholemodule";
				VALIDATE_PRODUCT = YES;
			};
			name = Release;
		};
		50F370942066030F009C48FE /* Debug */ = {
			isa = XCBuildConfiguration;
			buildSettings = {
				ALWAYS_EMBED_SWIFT_STANDARD_LIBRARIES = YES;
				ASSETCATALOG_COMPILER_APPICON_NAME = AppIcon;
				CODE_SIGN_STYLE = Automatic;
				DEVELOPMENT_TEAM = HSUZ2UJNHR;
				INFOPLIST_FILE = MongolianIPAKeyboardContainer/Info.plist;
				LD_RUNPATH_SEARCH_PATHS = "$(inherited) @executable_path/Frameworks";
				PRODUCT_BUNDLE_IDENTIFIER = net.studymongolian.MongolianIPAKeyboardContainer;
				PRODUCT_NAME = "$(TARGET_NAME)";
				SWIFT_VERSION = 4.0;
				TARGETED_DEVICE_FAMILY = "1,2";
			};
			name = Debug;
		};
		50F370952066030F009C48FE /* Release */ = {
			isa = XCBuildConfiguration;
			buildSettings = {
				ALWAYS_EMBED_SWIFT_STANDARD_LIBRARIES = YES;
				ASSETCATALOG_COMPILER_APPICON_NAME = AppIcon;
				CODE_SIGN_STYLE = Automatic;
				DEVELOPMENT_TEAM = HSUZ2UJNHR;
				INFOPLIST_FILE = MongolianIPAKeyboardContainer/Info.plist;
				LD_RUNPATH_SEARCH_PATHS = "$(inherited) @executable_path/Frameworks";
				PRODUCT_BUNDLE_IDENTIFIER = net.studymongolian.MongolianIPAKeyboardContainer;
				PRODUCT_NAME = "$(TARGET_NAME)";
				SWIFT_VERSION = 4.0;
				TARGETED_DEVICE_FAMILY = "1,2";
			};
			name = Release;
		};
		50F370972066030F009C48FE /* Debug */ = {
			isa = XCBuildConfiguration;
			buildSettings = {
				ALWAYS_EMBED_SWIFT_STANDARD_LIBRARIES = YES;
				BUNDLE_LOADER = "$(TEST_HOST)";
				CODE_SIGN_STYLE = Automatic;
				DEVELOPMENT_TEAM = HSUZ2UJNHR;
				INFOPLIST_FILE = MongolianIPAKeyboardContainerTests/Info.plist;
				LD_RUNPATH_SEARCH_PATHS = "$(inherited) @executable_path/Frameworks @loader_path/Frameworks";
				PRODUCT_BUNDLE_IDENTIFIER = net.studymongolian.MongolianIPAKeyboardContainerTests;
				PRODUCT_NAME = "$(TARGET_NAME)";
				SWIFT_VERSION = 4.0;
				TARGETED_DEVICE_FAMILY = "1,2";
				TEST_HOST = "$(BUILT_PRODUCTS_DIR)/MongolianIPAKeyboardContainer.app/MongolianIPAKeyboardContainer";
			};
			name = Debug;
		};
		50F370982066030F009C48FE /* Release */ = {
			isa = XCBuildConfiguration;
			buildSettings = {
				ALWAYS_EMBED_SWIFT_STANDARD_LIBRARIES = YES;
				BUNDLE_LOADER = "$(TEST_HOST)";
				CODE_SIGN_STYLE = Automatic;
				DEVELOPMENT_TEAM = HSUZ2UJNHR;
				INFOPLIST_FILE = MongolianIPAKeyboardContainerTests/Info.plist;
				LD_RUNPATH_SEARCH_PATHS = "$(inherited) @executable_path/Frameworks @loader_path/Frameworks";
				PRODUCT_BUNDLE_IDENTIFIER = net.studymongolian.MongolianIPAKeyboardContainerTests;
				PRODUCT_NAME = "$(TARGET_NAME)";
				SWIFT_VERSION = 4.0;
				TARGETED_DEVICE_FAMILY = "1,2";
				TEST_HOST = "$(BUILT_PRODUCTS_DIR)/MongolianIPAKeyboardContainer.app/MongolianIPAKeyboardContainer";
			};
			name = Release;
		};
		50F3709A2066030F009C48FE /* Debug */ = {
			isa = XCBuildConfiguration;
			buildSettings = {
				ALWAYS_EMBED_SWIFT_STANDARD_LIBRARIES = YES;
				CODE_SIGN_STYLE = Automatic;
				DEVELOPMENT_TEAM = HSUZ2UJNHR;
				INFOPLIST_FILE = MongolianIPAKeyboardContainerUITests/Info.plist;
				LD_RUNPATH_SEARCH_PATHS = "$(inherited) @executable_path/Frameworks @loader_path/Frameworks";
				PRODUCT_BUNDLE_IDENTIFIER = net.studymongolian.MongolianIPAKeyboardContainerUITests;
				PRODUCT_NAME = "$(TARGET_NAME)";
				SWIFT_VERSION = 4.0;
				TARGETED_DEVICE_FAMILY = "1,2";
				TEST_TARGET_NAME = MongolianIPAKeyboardContainer;
			};
			name = Debug;
		};
		50F3709B2066030F009C48FE /* Release */ = {
			isa = XCBuildConfiguration;
			buildSettings = {
				ALWAYS_EMBED_SWIFT_STANDARD_LIBRARIES = YES;
				CODE_SIGN_STYLE = Automatic;
				DEVELOPMENT_TEAM = HSUZ2UJNHR;
				INFOPLIST_FILE = MongolianIPAKeyboardContainerUITests/Info.plist;
				LD_RUNPATH_SEARCH_PATHS = "$(inherited) @executable_path/Frameworks @loader_path/Frameworks";
				PRODUCT_BUNDLE_IDENTIFIER = net.studymongolian.MongolianIPAKeyboardContainerUITests;
				PRODUCT_NAME = "$(TARGET_NAME)";
				SWIFT_VERSION = 4.0;
				TARGETED_DEVICE_FAMILY = "1,2";
				TEST_TARGET_NAME = MongolianIPAKeyboardContainer;
			};
			name = Release;
		};
		50F370A9206603D0009C48FE /* Debug */ = {
			isa = XCBuildConfiguration;
			buildSettings = {
				CODE_SIGN_STYLE = Automatic;
				DEVELOPMENT_TEAM = HSUZ2UJNHR;
				INFOPLIST_FILE = "Mongolian IPA/Info.plist";
				IPHONEOS_DEPLOYMENT_TARGET = 9.0;
				LD_RUNPATH_SEARCH_PATHS = "$(inherited) @executable_path/Frameworks @executable_path/../../Frameworks";
				PRODUCT_BUNDLE_IDENTIFIER = "net.studymongolian.MongolianIPAKeyboardContainer.Mongolian-IPA";
				PRODUCT_NAME = "$(TARGET_NAME)";
				SKIP_INSTALL = YES;
				SWIFT_VERSION = 4.0;
				TARGETED_DEVICE_FAMILY = "1,2";
			};
			name = Debug;
		};
		50F370AA206603D0009C48FE /* Release */ = {
			isa = XCBuildConfiguration;
			buildSettings = {
				CODE_SIGN_STYLE = Automatic;
				DEVELOPMENT_TEAM = HSUZ2UJNHR;
				INFOPLIST_FILE = "Mongolian IPA/Info.plist";
				IPHONEOS_DEPLOYMENT_TARGET = 9.0;
				LD_RUNPATH_SEARCH_PATHS = "$(inherited) @executable_path/Frameworks @executable_path/../../Frameworks";
				PRODUCT_BUNDLE_IDENTIFIER = "net.studymongolian.MongolianIPAKeyboardContainer.Mongolian-IPA";
				PRODUCT_NAME = "$(TARGET_NAME)";
				SKIP_INSTALL = YES;
				SWIFT_VERSION = 4.0;
				TARGETED_DEVICE_FAMILY = "1,2";
			};
			name = Release;
		};
/* End XCBuildConfiguration section */

/* Begin XCConfigurationList section */
		50F370662066030D009C48FE /* Build configuration list for PBXProject "MongolianIPAKeyboardContainer" */ = {
			isa = XCConfigurationList;
			buildConfigurations = (
				50F370912066030F009C48FE /* Debug */,
				50F370922066030F009C48FE /* Release */,
			);
			defaultConfigurationIsVisible = 0;
			defaultConfigurationName = Release;
		};
		50F370932066030F009C48FE /* Build configuration list for PBXNativeTarget "MongolianIPAKeyboardContainer" */ = {
			isa = XCConfigurationList;
			buildConfigurations = (
				50F370942066030F009C48FE /* Debug */,
				50F370952066030F009C48FE /* Release */,
			);
			defaultConfigurationIsVisible = 0;
			defaultConfigurationName = Release;
		};
		50F370962066030F009C48FE /* Build configuration list for PBXNativeTarget "MongolianIPAKeyboardContainerTests" */ = {
			isa = XCConfigurationList;
			buildConfigurations = (
				50F370972066030F009C48FE /* Debug */,
				50F370982066030F009C48FE /* Release */,
			);
			defaultConfigurationIsVisible = 0;
			defaultConfigurationName = Release;
		};
		50F370992066030F009C48FE /* Build configuration list for PBXNativeTarget "MongolianIPAKeyboardContainerUITests" */ = {
			isa = XCConfigurationList;
			buildConfigurations = (
				50F3709A2066030F009C48FE /* Debug */,
				50F3709B2066030F009C48FE /* Release */,
			);
			defaultConfigurationIsVisible = 0;
			defaultConfigurationName = Release;
		};
		50F370A8206603D0009C48FE /* Build configuration list for PBXNativeTarget "Mongolian IPA" */ = {
			isa = XCConfigurationList;
			buildConfigurations = (
				50F370A9206603D0009C48FE /* Debug */,
				50F370AA206603D0009C48FE /* Release */,
			);
			defaultConfigurationIsVisible = 0;
			defaultConfigurationName = Release;
		};
/* End XCConfigurationList section */
	};
	rootObject = 50F370632066030D009C48FE /* Project object */;
}
